
Microsoft Visual Studio Solution File, Format Version 12.00
# Visual Studio Version 17
VisualStudioVersion = 17.0.31903.59
MinimumVisualStudioVersion = 10.0.40219.1
Project("{FAE04EC0-301F-11D3-BF4B-00C04F79EFBC}") = "Medical.Center.API", "Medical.Center.API\Medical.Center.API.csproj", "{C9914133-D0A5-46F2-825B-D92C013CAE71}"
EndProject
Project("{FAE04EC0-301F-11D3-BF4B-00C04F79EFBC}") = "Medical.Center.MVC", "Medical.Center.MVC\Medical.Center.MVC.csproj", "{79034565-983D-4A71-A0A9-416C27E63521}"
EndProject
Project("{FAE04EC0-301F-11D3-BF4B-00C04F79EFBC}") = "Medical.Center.Tests", "Medical.Center.Tests\Medical.Center.Tests.csproj", "{907E1D1B-C48E-42FF-B1EE-69BA25D7D3A1}"
EndProject
Global
	GlobalSection(SolutionConfigurationPlatforms) = preSolution
		Debug|Any CPU = Debug|Any CPU
		Debug|x64 = Debug|x64
		Debug|x86 = Debug|x86
		Release|Any CPU = Release|Any CPU
		Release|x64 = Release|x64
		Release|x86 = Release|x86
	EndGlobalSection
	GlobalSection(ProjectConfigurationPlatforms) = postSolution
		{C9914133-D0A5-46F2-825B-D92C013CAE71}.Debug|Any CPU.ActiveCfg = Debug|Any CPU
		{C9914133-D0A5-46F2-825B-D92C013CAE71}.Debug|Any CPU.Build.0 = Debug|Any CPU
		{C9914133-D0A5-46F2-825B-D92C013CAE71}.Debug|x64.ActiveCfg = Debug|Any CPU
		{C9914133-D0A5-46F2-825B-D92C013CAE71}.Debug|x64.Build.0 = Debug|Any CPU
		{C9914133-D0A5-46F2-825B-D92C013CAE71}.Debug|x86.ActiveCfg = Debug|Any CPU
		{C9914133-D0A5-46F2-825B-D92C013CAE71}.Debug|x86.Build.0 = Debug|Any CPU
		{C9914133-D0A5-46F2-825B-D92C013CAE71}.Release|Any CPU.ActiveCfg = Release|Any CPU
		{C9914133-D0A5-46F2-825B-D92C013CAE71}.Release|Any CPU.Build.0 = Release|Any CPU
		{C9914133-D0A5-46F2-825B-D92C013CAE71}.Release|x64.ActiveCfg = Release|Any CPU
		{C9914133-D0A5-46F2-825B-D92C013CAE71}.Release|x64.Build.0 = Release|Any CPU
		{C9914133-D0A5-46F2-825B-D92C013CAE71}.Release|x86.ActiveCfg = Release|Any CPU
		{C9914133-D0A5-46F2-825B-D92C013CAE71}.Release|x86.Build.0 = Release|Any CPU
		{79034565-983D-4A71-A0A9-416C27E63521}.Debug|Any CPU.ActiveCfg = Debug|Any CPU
		{79034565-983D-4A71-A0A9-416C27E63521}.Debug|Any CPU.Build.0 = Debug|Any CPU
		{79034565-983D-4A71-A0A9-416C27E63521}.Debug|x64.ActiveCfg = Debug|Any CPU
		{79034565-983D-4A71-A0A9-416C27E63521}.Debug|x64.Build.0 = Debug|Any CPU
		{79034565-983D-4A71-A0A9-416C27E63521}.Debug|x86.ActiveCfg = Debug|Any CPU
		{79034565-983D-4A71-A0A9-416C27E63521}.Debug|x86.Build.0 = Debug|Any CPU
		{79034565-983D-4A71-A0A9-416C27E63521}.Release|Any CPU.ActiveCfg = Release|Any CPU
		{79034565-983D-4A71-A0A9-416C27E63521}.Release|Any CPU.Build.0 = Release|Any CPU
		{79034565-983D-4A71-A0A9-416C27E63521}.Release|x64.ActiveCfg = Release|Any CPU
		{79034565-983D-4A71-A0A9-416C27E63521}.Release|x64.Build.0 = Release|Any CPU
		{79034565-983D-4A71-A0A9-416C27E63521}.Release|x86.ActiveCfg = Release|Any CPU
		{79034565-983D-4A71-A0A9-416C27E63521}.Release|x86.Build.0 = Release|Any CPU
		{907E1D1B-C48E-42FF-B1EE-69BA25D7D3A1}.Debug|Any CPU.ActiveCfg = Debug|Any CPU
		{907E1D1B-C48E-42FF-B1EE-69BA25D7D3A1}.Debug|Any CPU.Build.0 = Debug|Any CPU
		{907E1D1B-C48E-42FF-B1EE-69BA25D7D3A1}.Debug|x64.ActiveCfg = Debug|Any CPU
		{907E1D1B-C48E-42FF-B1EE-69BA25D7D3A1}.Debug|x64.Build.0 = Debug|Any CPU
		{907E1D1B-C48E-42FF-B1EE-69BA25D7D3A1}.Debug|x86.ActiveCfg = Debug|Any CPU
		{907E1D1B-C48E-42FF-B1EE-69BA25D7D3A1}.Debug|x86.Build.0 = Debug|Any CPU
		{907E1D1B-C48E-42FF-B1EE-69BA25D7D3A1}.Release|Any CPU.ActiveCfg = Release|Any CPU
		{907E1D1B-C48E-42FF-B1EE-69BA25D7D3A1}.Release|Any CPU.Build.0 = Release|Any CPU
		{907E1D1B-C48E-42FF-B1EE-69BA25D7D3A1}.Release|x64.ActiveCfg = Release|Any CPU
		{907E1D1B-C48E-42FF-B1EE-69BA25D7D3A1}.Release|x64.Build.0 = Release|Any CPU
		{907E1D1B-C48E-42FF-B1EE-69BA25D7D3A1}.Release|x86.ActiveCfg = Release|Any CPU
		{907E1D1B-C48E-42FF-B1EE-69BA25D7D3A1}.Release|x86.Build.0 = Release|Any CPU
	EndGlobalSection
	GlobalSection(SolutionProperties) = preSolution
		HideSolutionNode = FALSE
	EndGlobalSection
EndGlobal
